// !$*UTF8*$!
{
	archiveVersion = 1;
	classes = {
	};
	objectVersion = 46;
	objects = {

/* Begin PBXBuildFile section */
		8D3028DB196156AF00163B40 /* main.m in Sources */ = {isa = PBXBuildFile; fileRef = 8D3028DA196156AF00163B40 /* main.m */; };
		8D3028DE196156AF00163B40 /* AppDelegate.m in Sources */ = {isa = PBXBuildFile; fileRef = 8D3028DD196156AF00163B40 /* AppDelegate.m */; };
		8D3028E1196156AF00163B40 /* UIMenuController_Sample.xcdatamodeld in Sources */ = {isa = PBXBuildFile; fileRef = 8D3028DF196156AF00163B40 /* UIMenuController_Sample.xcdatamodeld */; };
		8D3028E7196156AF00163B40 /* Main.storyboard in Resources */ = {isa = PBXBuildFile; fileRef = 8D3028E5196156AF00163B40 /* Main.storyboard */; };
		8D3028E9196156AF00163B40 /* Images.xcassets in Resources */ = {isa = PBXBuildFile; fileRef = 8D3028E8196156AF00163B40 /* Images.xcassets */; };
		8D3028F5196156AF00163B40 /* UIMenuController_SampleTests.m in Sources */ = {isa = PBXBuildFile; fileRef = 8D3028F4196156AF00163B40 /* UIMenuController_SampleTests.m */; };
		8D3029041961630400163B40 /* TableController.m in Sources */ = {isa = PBXBuildFile; fileRef = 8D3029031961630400163B40 /* TableController.m */; };
/* End PBXBuildFile section */

/* Begin PBXContainerItemProxy section */
		8D3028EF196156AF00163B40 /* PBXContainerItemProxy */ = {
			isa = PBXContainerItemProxy;
			containerPortal = 8D3028CD196156AF00163B40 /* Project object */;
			proxyType = 1;
			remoteGlobalIDString = 8D3028D4196156AF00163B40;
			remoteInfo = "UIMenuController Sample";
		};
/* End PBXContainerItemProxy section */

/* Begin PBXFileReference section */
		8D3028D5196156AF00163B40 /* UIMenuController Sample.app */ = {isa = PBXFileReference; explicitFileType = wrapper.application; includeInIndex = 0; path = "UIMenuController Sample.app"; sourceTree = BUILT_PRODUCTS_DIR; };
		8D3028D9196156AF00163B40 /* Info.plist */ = {isa = PBXFileReference; lastKnownFileType = text.plist.xml; path = Info.plist; sourceTree = "<group>"; };
		8D3028DA196156AF00163B40 /* main.m */ = {isa = PBXFileReference; lastKnownFileType = sourcecode.c.objc; path = main.m; sourceTree = "<group>"; };
		8D3028DC196156AF00163B40 /* AppDelegate.h */ = {isa = PBXFileReference; lastKnownFileType = sourcecode.c.h; path = AppDelegate.h; sourceTree = "<group>"; };
		8D3028DD196156AF00163B40 /* AppDelegate.m */ = {isa = PBXFileReference; lastKnownFileType = sourcecode.c.objc; path = AppDelegate.m; sourceTree = "<group>"; };
		8D3028E0196156AF00163B40 /* UIMenuController_Sample.xcdatamodel */ = {isa = PBXFileReference; lastKnownFileType = wrapper.xcdatamodel; path = UIMenuController_Sample.xcdatamodel; sourceTree = "<group>"; };
		8D3028E6196156AF00163B40 /* Base */ = {isa = PBXFileReference; lastKnownFileType = file.storyboard; name = Base; path = Base.lproj/Main.storyboard; sourceTree = "<group>"; };
		8D3028E8196156AF00163B40 /* Images.xcassets */ = {isa = PBXFileReference; lastKnownFileType = folder.assetcatalog; path = Images.xcassets; sourceTree = "<group>"; };
		8D3028EE196156AF00163B40 /* UIMenuController SampleTests.xctest */ = {isa = PBXFileReference; explicitFileType = wrapper.cfbundle; includeInIndex = 0; path = "UIMenuController SampleTests.xctest"; sourceTree = BUILT_PRODUCTS_DIR; };
		8D3028F3196156AF00163B40 /* Info.plist */ = {isa = PBXFileReference; lastKnownFileType = text.plist.xml; path = Info.plist; sourceTree = "<group>"; };
		8D3028F4196156AF00163B40 /* UIMenuController_SampleTests.m */ = {isa = PBXFileReference; lastKnownFileType = sourcecode.c.objc; path = UIMenuController_SampleTests.m; sourceTree = "<group>"; };
		8D3029021961630400163B40 /* TableController.h */ = {isa = PBXFileReference; fileEncoding = 4; lastKnownFileType = sourcecode.c.h; path = TableController.h; sourceTree = "<group>"; };
		8D3029031961630400163B40 /* TableController.m */ = {isa = PBXFileReference; fileEncoding = 4; lastKnownFileType = sourcecode.c.objc; path = TableController.m; sourceTree = "<group>"; };
/* End PBXFileReference section */

/* Begin PBXFrameworksBuildPhase section */
		8D3028D2196156AF00163B40 /* Frameworks */ = {
			isa = PBXFrameworksBuildPhase;
			buildActionMask = 2147483647;
			files = (
			);
			runOnlyForDeploymentPostprocessing = 0;
		};
		8D3028EB196156AF00163B40 /* Frameworks */ = {
			isa = PBXFrameworksBuildPhase;
			buildActionMask = 2147483647;
			files = (
			);
			runOnlyForDeploymentPostprocessing = 0;
		};
/* End PBXFrameworksBuildPhase section */

/* Begin PBXGroup section */
		8D3028CC196156AF00163B40 = {
			isa = PBXGroup;
			children = (
				8D3028D7196156AF00163B40 /* UIMenuController Sample */,
				8D3028F1196156AF00163B40 /* UIMenuController SampleTests */,
				8D3028D6196156AF00163B40 /* Products */,
			);
			sourceTree = "<group>";
		};
		8D3028D6196156AF00163B40 /* Products */ = {
			isa = PBXGroup;
			children = (
				8D3028D5196156AF00163B40 /* UIMenuController Sample.app */,
				8D3028EE196156AF00163B40 /* UIMenuController SampleTests.xctest */,
			);
			name = Products;
			sourceTree = "<group>";
		};
		8D3028D7196156AF00163B40 /* UIMenuController Sample */ = {
			isa = PBXGroup;
			children = (
				8D3028DC196156AF00163B40 /* AppDelegate.h */,
				8D3028DD196156AF00163B40 /* AppDelegate.m */,
				8D3029021961630400163B40 /* TableController.h */,
				8D3029031961630400163B40 /* TableController.m */,
				8D3028E5196156AF00163B40 /* Main.storyboard */,
				8D3028E8196156AF00163B40 /* Images.xcassets */,
				8D3028DF196156AF00163B40 /* UIMenuController_Sample.xcdatamodeld */,
				8D3028D8196156AF00163B40 /* Supporting Files */,
			);
			path = "UIMenuController Sample";
			sourceTree = "<group>";
		};
		8D3028D8196156AF00163B40 /* Supporting Files */ = {
			isa = PBXGroup;
			children = (
				8D3028D9196156AF00163B40 /* Info.plist */,
				8D3028DA196156AF00163B40 /* main.m */,
			);
			name = "Supporting Files";
			sourceTree = "<group>";
		};
		8D3028F1196156AF00163B40 /* UIMenuController SampleTests */ = {
			isa = PBXGroup;
			children = (
				8D3028F4196156AF00163B40 /* UIMenuController_SampleTests.m */,
				8D3028F2196156AF00163B40 /* Supporting Files */,
			);
			path = "UIMenuController SampleTests";
			sourceTree = "<group>";
		};
		8D3028F2196156AF00163B40 /* Supporting Files */ = {
			isa = PBXGroup;
			children = (
				8D3028F3196156AF00163B40 /* Info.plist */,
			);
			name = "Supporting Files";
			sourceTree = "<group>";
		};
/* End PBXGroup section */

/* Begin PBXNativeTarget section */
		8D3028D4196156AF00163B40 /* UIMenuController Sample */ = {
			isa = PBXNativeTarget;
			buildConfigurationList = 8D3028F8196156AF00163B40 /* Build configuration list for PBXNativeTarget "UIMenuController Sample" */;
			buildPhases = (
				8D3028D1196156AF00163B40 /* Sources */,
				8D3028D2196156AF00163B40 /* Frameworks */,
				8D3028D3196156AF00163B40 /* Resources */,
			);
			buildRules = (
			);
			dependencies = (
			);
			name = "UIMenuController Sample";
			productName = "UIMenuController Sample";
			productReference = 8D3028D5196156AF00163B40 /* UIMenuController Sample.app */;
			productType = "com.apple.product-type.application";
		};
		8D3028ED196156AF00163B40 /* UIMenuController SampleTests */ = {
			isa = PBXNativeTarget;
			buildConfigurationList = 8D3028FB196156AF00163B40 /* Build configuration list for PBXNativeTarget "UIMenuController SampleTests" */;
			buildPhases = (
				8D3028EA196156AF00163B40 /* Sources */,
				8D3028EB196156AF00163B40 /* Frameworks */,
				8D3028EC196156AF00163B40 /* Resources */,
			);
			buildRules = (
			);
			dependencies = (
				8D3028F0196156AF00163B40 /* PBXTargetDependency */,
			);
			name = "UIMenuController SampleTests";
			productName = "UIMenuController SampleTests";
			productReference = 8D3028EE196156AF00163B40 /* UIMenuController SampleTests.xctest */;
			productType = "com.apple.product-type.bundle.unit-test";
		};
/* End PBXNativeTarget section */

/* Begin PBXProject section */
		8D3028CD196156AF00163B40 /* Project object */ = {
			isa = PBXProject;
			attributes = {
				LastUpgradeCheck = 0600;
				ORGANIZATIONNAME = Jigar;
				TargetAttributes = {
					8D3028D4196156AF00163B40 = {
						CreatedOnToolsVersion = 6.0;
					};
					8D3028ED196156AF00163B40 = {
						CreatedOnToolsVersion = 6.0;
						TestTargetID = 8D3028D4196156AF00163B40;
					};
				};
			};
			buildConfigurationList = 8D3028D0196156AF00163B40 /* Build configuration list for PBXProject "UIMenuController Sample" */;
			compatibilityVersion = "Xcode 3.2";
			developmentRegion = English;
			hasScannedForEncodings = 0;
			knownRegions = (
				en,
				Base,
			);
			mainGroup = 8D3028CC196156AF00163B40;
			productRefGroup = 8D3028D6196156AF00163B40 /* Products */;
			projectDirPath = "";
			projectRoot = "";
			targets = (
				8D3028D4196156AF00163B40 /* UIMenuController Sample */,
				8D3028ED196156AF00163B40 /* UIMenuController SampleTests */,
			);
		};
/* End PBXProject section */

/* Begin PBXResourcesBuildPhase section */
		8D3028D3196156AF00163B40 /* Resources */ = {
			isa = PBXResourcesBuildPhase;
			buildActionMask = 2147483647;
			files = (
				8D3028E7196156AF00163B40 /* Main.storyboard in Resources */,
				8D3028E9196156AF00163B40 /* Images.xcassets in Resources */,
			);
			runOnlyForDeploymentPostprocessing = 0;
		};
		8D3028EC196156AF00163B40 /* Resources */ = {
			isa = PBXResourcesBuildPhase;
			buildActionMask = 2147483647;
			files = (
			);
			runOnlyForDeploymentPostprocessing = 0;
		};
/* End PBXResourcesBuildPhase section */

/* Begin PBXSourcesBuildPhase section */
		8D3028D1196156AF00163B40 /* Sources */ = {
			isa = PBXSourcesBuildPhase;
			buildActionMask = 2147483647;
			files = (
				8D3029041961630400163B40 /* TableController.m in Sources */,
				8D3028DE196156AF00163B40 /* AppDelegate.m in Sources */,
				8D3028E1196156AF00163B40 /* UIMenuController_Sample.xcdatamodeld in Sources */,
				8D3028DB196156AF00163B40 /* main.m in Sources */,
			);
			runOnlyForDeploymentPostprocessing = 0;
		};
		8D3028EA196156AF00163B40 /* Sources */ = {
			isa = PBXSourcesBuildPhase;
			buildActionMask = 2147483647;
			files = (
				8D3028F5196156AF00163B40 /* UIMenuController_SampleTests.m in Sources */,
			);
			runOnlyForDeploymentPostprocessing = 0;
		};
/* End PBXSourcesBuildPhase section */

/* Begin PBXTargetDependency section */
		8D3028F0196156AF00163B40 /* PBXTargetDependency */ = {
			isa = PBXTargetDependency;
			target = 8D3028D4196156AF00163B40 /* UIMenuController Sample */;
			targetProxy = 8D3028EF196156AF00163B40 /* PBXContainerItemProxy */;
		};
/* End PBXTargetDependency section */

/* Begin PBXVariantGroup section */
		8D3028E5196156AF00163B40 /* Main.storyboard */ = {
			isa = PBXVariantGroup;
			children = (
				8D3028E6196156AF00163B40 /* Base */,
			);
			name = Main.storyboard;
			sourceTree = "<group>";
		};
/* End PBXVariantGroup section */

/* Begin XCBuildConfiguration section */
		8D3028F6196156AF00163B40 /* Debug */ = {
			isa = XCBuildConfiguration;
			buildSettings = {
				ALWAYS_SEARCH_USER_PATHS = NO;
				CLANG_CXX_LANGUAGE_STANDARD = "gnu++0x";
				CLANG_CXX_LIBRARY = "libc++";
				CLANG_ENABLE_MODULES = YES;
				CLANG_ENABLE_OBJC_ARC = YES;
				CLANG_WARN_BOOL_CONVERSION = YES;
				CLANG_WARN_CONSTANT_CONVERSION = YES;
				CLANG_WARN_DIRECT_OBJC_ISA_USAGE = YES_ERROR;
				CLANG_WARN_EMPTY_BODY = YES;
				CLANG_WARN_ENUM_CONVERSION = YES;
				CLANG_WARN_INT_CONVERSION = YES;
				CLANG_WARN_OBJC_ROOT_CLASS = YES_ERROR;
				CLANG_WARN_UNREACHABLE_CODE = YES;
				CLANG_WARN__DUPLICATE_METHOD_MATCH = YES;
				"CODE_SIGN_IDENTITY[sdk=iphoneos*]" = "iPhone Developer";
				COPY_PHASE_STRIP = NO;
				ENABLE_STRICT_OBJC_MSGSEND = YES;
				GCC_C_LANGUAGE_STANDARD = gnu99;
				GCC_DYNAMIC_NO_PIC = NO;
				GCC_OPTIMIZATION_LEVEL = 0;
				GCC_PREPROCESSOR_DEFINITIONS = (
					"DEBUG=1",
					"$(inherited)",
				);
				GCC_SYMBOLS_PRIVATE_EXTERN = NO;
				GCC_WARN_64_TO_32_BIT_CONVERSION = YES;
				GCC_WARN_ABOUT_RETURN_TYPE = YES_ERROR;
				GCC_WARN_UNDECLARED_SELECTOR = YES;
				GCC_WARN_UNINITIALIZED_AUTOS = YES_AGGRESSIVE;
				GCC_WARN_UNUSED_FUNCTION = YES;
				GCC_WARN_UNUSED_VARIABLE = YES;
				IPHONEOS_DEPLOYMENT_TARGET = 8.0;
				METAL_ENABLE_DEBUG_INFO = YES;
				ONLY_ACTIVE_ARCH = YES;
				SDKROOT = iphoneos;
			};
			name = Debug;
		};
		8D3028F7196156AF00163B40 /* Release */ = {
			isa = XCBuildConfiguration;
			buildSettings = {
				ALWAYS_SEARCH_USER_PATHS = NO;
				CLANG_CXX_LANGUAGE_STANDARD = "gnu++0x";
				CLANG_CXX_LIBRARY = "libc++";
				CLANG_ENABLE_MODULES = YES;
				CLANG_ENABLE_OBJC_ARC = YES;
				CLANG_WARN_BOOL_CONVERSION = YES;
				CLANG_WARN_CONSTANT_CONVERSION = YES;
				CLANG_WARN_DIRECT_OBJC_ISA_USAGE = YES_ERROR;
				CLANG_WARN_EMPTY_BODY = YES;
				CLANG_WARN_ENUM_CONVERSION = YES;
				CLANG_WARN_INT_CONVERSION = YES;
				CLANG_WARN_OBJC_ROOT_CLASS = YES_ERROR;
				CLANG_WARN_UNREACHABLE_CODE = YES;
				CLANG_WARN__DUPLICATE_METHOD_MATCH = YES;
				"CODE_SIGN_IDENTITY[sdk=iphoneos*]" = "iPhone Developer";
				COPY_PHASE_STRIP = YES;
				ENABLE_NS_ASSERTIONS = NO;
				ENABLE_STRICT_OBJC_MSGSEND = YES;
				GCC_C_LANGUAGE_STANDARD = gnu99;
				GCC_WARN_64_TO_32_BIT_CONVERSION = YES;
				GCC_WARN_ABOUT_RETURN_TYPE = YES_ERROR;
				GCC_WARN_UNDECLARED_SELECTOR = YES;
				GCC_WARN_UNINITIALIZED_AUTOS = YES_AGGRESSIVE;
				GCC_WARN_UNUSED_FUNCTION = YES;
				GCC_WARN_UNUSED_VARIABLE = YES;
				IPHONEOS_DEPLOYMENT_TARGET = 8.0;
				METAL_ENABLE_DEBUG_INFO = NO;
				SDKROOT = iphoneos;
				VALIDATE_PRODUCT = YES;
			};
			name = Release;
		};
		8D3028F9196156AF00163B40 /* Debug */ = {
			isa = XCBuildConfiguration;
			buildSettings = {
				ASSETCATALOG_COMPILER_APPICON_NAME = AppIcon;
				ASSETCATALOG_COMPILER_LAUNCHIMAGE_NAME = LaunchImage;
				INFOPLIST_FILE = "UIMenuController Sample/Info.plist";
				LD_RUNPATH_SEARCH_PATHS = "$(inherited) @executable_path/Frameworks";
				PRODUCT_NAME = "$(TARGET_NAME)";
			};
			name = Debug;
		};
		8D3028FA196156AF00163B40 /* Release */ = {
			isa = XCBuildConfiguration;
			buildSettings = {
				ASSETCATALOG_COMPILER_APPICON_NAME = AppIcon;
				ASSETCATALOG_COMPILER_LAUNCHIMAGE_NAME = LaunchImage;
				INFOPLIST_FILE = "UIMenuController Sample/Info.plist";
				LD_RUNPATH_SEARCH_PATHS = "$(inherited) @executable_path/Frameworks";
				PRODUCT_NAME = "$(TARGET_NAME)";
			};
			name = Release;
		};
		8D3028FC196156AF00163B40 /* Debug */ = {
			isa = XCBuildConfiguration;
			buildSettings = {
				BUNDLE_LOADER = "$(BUILT_PRODUCTS_DIR)/UIMenuController Sample.app/UIMenuController Sample";
				FRAMEWORK_SEARCH_PATHS = (
					"$(SDKROOT)/Developer/Library/Frameworks",
					"$(inherited)",
				);
				GCC_PREPROCESSOR_DEFINITIONS = (
					"DEBUG=1",
					"$(inherited)",
				);
				INFOPLIST_FILE = "UIMenuController SampleTests/Info.plist";
				LD_RUNPATH_SEARCH_PATHS = "$(inherited) @executable_path/Frameworks @loader_path/Frameworks";
				METAL_ENABLE_DEBUG_INFO = YES;
				PRODUCT_NAME = "$(TARGET_NAME)";
				TEST_HOST = "$(BUNDLE_LOADER)";
			};
			name = Debug;
		};
		8D3028FD196156AF00163B40 /* Release */ = {
			isa = XCBuildConfiguration;
			buildSettings = {
				BUNDLE_LOADER = "$(BUILT_PRODUCTS_DIR)/UIMenuController Sample.app/UIMenuController Sample";
				FRAMEWORK_SEARCH_PATHS = (
					"$(SDKROOT)/Developer/Library/Frameworks",
					"$(inherited)",
				);
				INFOPLIST_FILE = "UIMenuController SampleTests/Info.plist";
				LD_RUNPATH_SEARCH_PATHS = "$(inherited) @executable_path/Frameworks @loader_path/Frameworks";
				METAL_ENABLE_DEBUG_INFO = NO;
				PRODUCT_NAME = "$(TARGET_NAME)";
				TEST_HOST = "$(BUNDLE_LOADER)";
			};
			name = Release;
		};
/* End XCBuildConfiguration section */

/* Begin XCConfigurationList section */
		8D3028D0196156AF00163B40 /* Build configuration list for PBXProject "UIMenuController Sample" */ = {
			isa = XCConfigurationList;
			buildConfigurations = (
				8D3028F6196156AF00163B40 /* Debug */,
				8D3028F7196156AF00163B40 /* Release */,
			);
			defaultConfigurationIsVisible = 0;
			defaultConfigurationName = Release;
		};
		8D3028F8196156AF00163B40 /* Build configuration list for PBXNativeTarget "UIMenuController Sample" */ = {
			isa = XCConfigurationList;
			buildConfigurations = (
				8D3028F9196156AF00163B40 /* Debug */,
				8D3028FA196156AF00163B40 /* Release */,
			);
			defaultConfigurationIsVisible = 0;
			defaultConfigurationName = Release;
		};
		8D3028FB196156AF00163B40 /* Build configuration list for PBXNativeTarget "UIMenuController SampleTests" */ = {
			isa = XCConfigurationList;
			buildConfigurations = (
				8D3028FC196156AF00163B40 /* Debug */,
				8D3028FD196156AF00163B40 /* Release */,
			);
			defaultConfigurationIsVisible = 0;
			defaultConfigurationName = Release;
		};
/* End XCConfigurationList section */

/* Begin XCVersionGroup section */
		8D3028DF196156AF00163B40 /* UIMenuController_Sample.xcdatamodeld */ = {
			isa = XCVersionGroup;
			children = (
				8D3028E0196156AF00163B40 /* UIMenuController_Sample.xcdatamodel */,
			);
			currentVersion = 8D3028E0196156AF00163B40 /* UIMenuController_Sample.xcdatamodel */;
			path = UIMenuController_Sample.xcdatamodeld;
			sourceTree = "<group>";
			versionGroupType = wrapper.xcdatamodel;
		};
/* End XCVersionGroup section */
	};
	rootObject = 8D3028CD196156AF00163B40 /* Project object */;
}
